{
  "name": "signalk-ajrm-marine-dr-plotter",
  "version": "0.6.9",
  "lockfileVersion": 3,
  "requires": true,
  "packages": {
    "": {
      "name": "signalk-ajrm-marine-dr-plotter",
      "version": "0.6.9",
      "license": "AGPL-3.0-or-later",
      "devDependencies": {
        "@ajrm-marine/map-core": "github:ajrm-marine-suite/ajrm-marine-map-core#v0.6.5"
      },
      "engines": {
        "node": ">=20"
      }
    },
    "node_modules/@ajrm-marine/map-core": {
      "version": "0.6.5",
      "resolved": "git+ssh://git@github.com/ajrm-marine-suite/ajrm-marine-map-core.git#7570131aff802c86df8f0b4d0a81e4c6e29860f9",
      "dev": true,
      "license": "AGPL-3.0-or-later"
    }
  }
}
