{
  "name": "signalk-ajrm-marine-dr-plotter",
  "version": "0.6.7",
  "lockfileVersion": 3,
  "requires": true,
  "packages": {
    "": {
      "name": "signalk-ajrm-marine-dr-plotter",
      "version": "0.6.7",
      "license": "AGPL-3.0-or-later",
      "devDependencies": {
        "@ajrm-marine/map-core": "github:ajrm-marine-suite/ajrm-marine-map-core#v0.6.4"
      },
      "engines": {
        "node": ">=20"
      }
    },
    "node_modules/@ajrm-marine/map-core": {
      "version": "0.6.4",
      "resolved": "git+ssh://git@github.com/ajrm-marine-suite/ajrm-marine-map-core.git#6420431b4ed1b7d8927fb759b70f927085a14d61",
      "dev": true,
      "license": "AGPL-3.0-or-later"
    }
  }
}
