{
  "name": "signalk-ajrm-marine-dr-plotter",
  "version": "0.5.21",
  "lockfileVersion": 3,
  "requires": true,
  "packages": {
    "": {
      "name": "signalk-ajrm-marine-dr-plotter",
      "version": "0.5.21",
      "license": "MIT",
      "engines": {
        "node": ">=20"
      }
    }
  }
}
